// !$*UTF8*$!
{
	archiveVersion = 1;
	classes = {
	};
	objectVersion = 46;
	objects = {

/* Begin PBXBuildFile section */
		057676A41C4A473E008244AD /* NSObject+ZDRuntime.m in Sources */ = {isa = PBXBuildFile; fileRef = 057676A31C4A473E008244AD /* NSObject+ZDRuntime.m */; };
		BC58E8B61C198D91003005EB /* main.m in Sources */ = {isa = PBXBuildFile; fileRef = BC58E8B51C198D91003005EB /* main.m */; };
		BC58E8B91C198D91003005EB /* AppDelegate.m in Sources */ = {isa = PBXBuildFile; fileRef = BC58E8B81C198D91003005EB /* AppDelegate.m */; };
		BC58E8BC1C198D91003005EB /* ViewController.m in Sources */ = {isa = PBXBuildFile; fileRef = BC58E8BB1C198D91003005EB /* ViewController.m */; };
		BC58E8BF1C198D91003005EB /* Main.storyboard in Resources */ = {isa = PBXBuildFile; fileRef = BC58E8BD1C198D91003005EB /* Main.storyboard */; };
		BC58E8C11C198D91003005EB /* Assets.xcassets in Resources */ = {isa = PBXBuildFile; fileRef = BC58E8C01C198D91003005EB /* Assets.xcassets */; };
		BC58E8C41C198D91003005EB /* LaunchScreen.storyboard in Resources */ = {isa = PBXBuildFile; fileRef = BC58E8C21C198D91003005EB /* LaunchScreen.storyboard */; };
		BC58E8CF1C198D91003005EB /* ZDProxyTests.m in Sources */ = {isa = PBXBuildFile; fileRef = BC58E8CE1C198D91003005EB /* ZDProxyTests.m */; };
		BC58E8DA1C198D91003005EB /* ZDProxyUITests.m in Sources */ = {isa = PBXBuildFile; fileRef = BC58E8D91C198D91003005EB /* ZDProxyUITests.m */; };
		BC58E8EC1C198ED5003005EB /* ZDProxy.m in Sources */ = {isa = PBXBuildFile; fileRef = BC58E8EB1C198ED5003005EB /* ZDProxy.m */; };
		BC58E8F21C1A6D20003005EB /* ZDMutltiDelegatesProxy.m in Sources */ = {isa = PBXBuildFile; fileRef = BC58E8F11C1A6D20003005EB /* ZDMutltiDelegatesProxy.m */; };
		BC5C02AE1C34DF1200773B78 /* PushController.m in Sources */ = {isa = PBXBuildFile; fileRef = BC5C02AD1C34DF1200773B78 /* PushController.m */; };
		BC5C02B21C34E07600773B78 /* SecondController.m in Sources */ = {isa = PBXBuildFile; fileRef = BC5C02B11C34E07600773B78 /* SecondController.m */; };
		BC5C02B81C350FCC00773B78 /* NSObject+ZDDealloc.m in Sources */ = {isa = PBXBuildFile; fileRef = BC5C02B71C350FCC00773B78 /* NSObject+ZDDealloc.m */; };
		BCB96D801C3E120200D9BACA /* ZDWeakProxy.m in Sources */ = {isa = PBXBuildFile; fileRef = BCB96D7F1C3E120200D9BACA /* ZDWeakProxy.m */; };
		BCB96D831C3E12EF00D9BACA /* ZDForwardProxy.m in Sources */ = {isa = PBXBuildFile; fileRef = BCB96D821C3E12EF00D9BACA /* ZDForwardProxy.m */; };
		BCB96D921C3E3C4200D9BACA /* NSObject+ZDLazyInit.m in Sources */ = {isa = PBXBuildFile; fileRef = BCB96D911C3E3C4200D9BACA /* NSObject+ZDLazyInit.m */; };
/* End PBXBuildFile section */

/* Begin PBXContainerItemProxy section */
		BC58E8CB1C198D91003005EB /* PBXContainerItemProxy */ = {
			isa = PBXContainerItemProxy;
			containerPortal = BC58E8A91C198D91003005EB /* Project object */;
			proxyType = 1;
			remoteGlobalIDString = BC58E8B01C198D91003005EB;
			remoteInfo = ZDProxy;
		};
		BC58E8D61C198D91003005EB /* PBXContainerItemProxy */ = {
			isa = PBXContainerItemProxy;
			containerPortal = BC58E8A91C198D91003005EB /* Project object */;
			proxyType = 1;
			remoteGlobalIDString = BC58E8B01C198D91003005EB;
			remoteInfo = ZDProxy;
		};
/* End PBXContainerItemProxy section */

/* Begin PBXFileReference section */
		057676A21C4A473E008244AD /* NSObject+ZDRuntime.h */ = {isa = PBXFileReference; fileEncoding = 4; lastKnownFileType = sourcecode.c.h; path = "NSObject+ZDRuntime.h"; sourceTree = "<group>"; };
		057676A31C4A473E008244AD /* NSObject+ZDRuntime.m */ = {isa = PBXFileReference; fileEncoding = 4; lastKnownFileType = sourcecode.c.objc; path = "NSObject+ZDRuntime.m"; sourceTree = "<group>"; };
		BC58E8B11C198D91003005EB /* ZDProxy.app */ = {isa = PBXFileReference; explicitFileType = wrapper.application; includeInIndex = 0; path = ZDProxy.app; sourceTree = BUILT_PRODUCTS_DIR; };
		BC58E8B51C198D91003005EB /* main.m */ = {isa = PBXFileReference; lastKnownFileType = sourcecode.c.objc; path = main.m; sourceTree = "<group>"; };
		BC58E8B71C198D91003005EB /* AppDelegate.h */ = {isa = PBXFileReference; lastKnownFileType = sourcecode.c.h; path = AppDelegate.h; sourceTree = "<group>"; };
		BC58E8B81C198D91003005EB /* AppDelegate.m */ = {isa = PBXFileReference; lastKnownFileType = sourcecode.c.objc; path = AppDelegate.m; sourceTree = "<group>"; };
		BC58E8BA1C198D91003005EB /* ViewController.h */ = {isa = PBXFileReference; lastKnownFileType = sourcecode.c.h; path = ViewController.h; sourceTree = "<group>"; };
		BC58E8BB1C198D91003005EB /* ViewController.m */ = {isa = PBXFileReference; lastKnownFileType = sourcecode.c.objc; path = ViewController.m; sourceTree = "<group>"; };
		BC58E8BE1C198D91003005EB /* Base */ = {isa = PBXFileReference; lastKnownFileType = file.storyboard; name = Base; path = Base.lproj/Main.storyboard; sourceTree = "<group>"; };
		BC58E8C01C198D91003005EB /* Assets.xcassets */ = {isa = PBXFileReference; lastKnownFileType = folder.assetcatalog; path = Assets.xcassets; sourceTree = "<group>"; };
		BC58E8C31C198D91003005EB /* Base */ = {isa = PBXFileReference; lastKnownFileType = file.storyboard; name = Base; path = Base.lproj/LaunchScreen.storyboard; sourceTree = "<group>"; };
		BC58E8C51C198D91003005EB /* Info.plist */ = {isa = PBXFileReference; lastKnownFileType = text.plist.xml; path = Info.plist; sourceTree = "<group>"; };
		BC58E8CA1C198D91003005EB /* ZDProxyTests.xctest */ = {isa = PBXFileReference; explicitFileType = wrapper.cfbundle; includeInIndex = 0; path = ZDProxyTests.xctest; sourceTree = BUILT_PRODUCTS_DIR; };
		BC58E8CE1C198D91003005EB /* ZDProxyTests.m */ = {isa = PBXFileReference; lastKnownFileType = sourcecode.c.objc; path = ZDProxyTests.m; sourceTree = "<group>"; };
		BC58E8D01C198D91003005EB /* Info.plist */ = {isa = PBXFileReference; lastKnownFileType = text.plist.xml; path = Info.plist; sourceTree = "<group>"; };
		BC58E8D51C198D91003005EB /* ZDProxyUITests.xctest */ = {isa = PBXFileReference; explicitFileType = wrapper.cfbundle; includeInIndex = 0; path = ZDProxyUITests.xctest; sourceTree = BUILT_PRODUCTS_DIR; };
		BC58E8D91C198D91003005EB /* ZDProxyUITests.m */ = {isa = PBXFileReference; lastKnownFileType = sourcecode.c.objc; path = ZDProxyUITests.m; sourceTree = "<group>"; };
		BC58E8DB1C198D91003005EB /* Info.plist */ = {isa = PBXFileReference; lastKnownFileType = text.plist.xml; path = Info.plist; sourceTree = "<group>"; };
		BC58E8EA1C198ED5003005EB /* ZDProxy.h */ = {isa = PBXFileReference; fileEncoding = 4; lastKnownFileType = sourcecode.c.h; path = ZDProxy.h; sourceTree = "<group>"; };
		BC58E8EB1C198ED5003005EB /* ZDProxy.m */ = {isa = PBXFileReference; fileEncoding = 4; lastKnownFileType = sourcecode.c.objc; path = ZDProxy.m; sourceTree = "<group>"; };
		BC58E8F01C1A6D20003005EB /* ZDMutltiDelegatesProxy.h */ = {isa = PBXFileReference; fileEncoding = 4; lastKnownFileType = sourcecode.c.h; path = ZDMutltiDelegatesProxy.h; sourceTree = "<group>"; };
		BC58E8F11C1A6D20003005EB /* ZDMutltiDelegatesProxy.m */ = {isa = PBXFileReference; fileEncoding = 4; lastKnownFileType = sourcecode.c.objc; path = ZDMutltiDelegatesProxy.m; sourceTree = "<group>"; };
		BC5C02AC1C34DF1200773B78 /* PushController.h */ = {isa = PBXFileReference; fileEncoding = 4; lastKnownFileType = sourcecode.c.h; path = PushController.h; sourceTree = "<group>"; };
		BC5C02AD1C34DF1200773B78 /* PushController.m */ = {isa = PBXFileReference; fileEncoding = 4; lastKnownFileType = sourcecode.c.objc; path = PushController.m; sourceTree = "<group>"; };
		BC5C02B01C34E07600773B78 /* SecondController.h */ = {isa = PBXFileReference; fileEncoding = 4; lastKnownFileType = sourcecode.c.h; path = SecondController.h; sourceTree = "<group>"; };
		BC5C02B11C34E07600773B78 /* SecondController.m */ = {isa = PBXFileReference; fileEncoding = 4; lastKnownFileType = sourcecode.c.objc; path = SecondController.m; sourceTree = "<group>"; };
		BC5C02B61C350FCC00773B78 /* NSObject+ZDDealloc.h */ = {isa = PBXFileReference; fileEncoding = 4; lastKnownFileType = sourcecode.c.h; path = "NSObject+ZDDealloc.h"; sourceTree = "<group>"; };
		BC5C02B71C350FCC00773B78 /* NSObject+ZDDealloc.m */ = {isa = PBXFileReference; fileEncoding = 4; lastKnownFileType = sourcecode.c.objc; path = "NSObject+ZDDealloc.m"; sourceTree = "<group>"; };
		BCB96D7E1C3E120200D9BACA /* ZDWeakProxy.h */ = {isa = PBXFileReference; fileEncoding = 4; lastKnownFileType = sourcecode.c.h; path = ZDWeakProxy.h; sourceTree = "<group>"; };
		BCB96D7F1C3E120200D9BACA /* ZDWeakProxy.m */ = {isa = PBXFileReference; fileEncoding = 4; lastKnownFileType = sourcecode.c.objc; path = ZDWeakProxy.m; sourceTree = "<group>"; };
		BCB96D811C3E12EF00D9BACA /* ZDForwardProxy.h */ = {isa = PBXFileReference; fileEncoding = 4; lastKnownFileType = sourcecode.c.h; path = ZDForwardProxy.h; sourceTree = "<group>"; };
		BCB96D821C3E12EF00D9BACA /* ZDForwardProxy.m */ = {isa = PBXFileReference; fileEncoding = 4; lastKnownFileType = sourcecode.c.objc; path = ZDForwardProxy.m; sourceTree = "<group>"; };
		BCB96D901C3E3C4200D9BACA /* NSObject+ZDLazyInit.h */ = {isa = PBXFileReference; fileEncoding = 4; lastKnownFileType = sourcecode.c.h; path = "NSObject+ZDLazyInit.h"; sourceTree = "<group>"; };
		BCB96D911C3E3C4200D9BACA /* NSObject+ZDLazyInit.m */ = {isa = PBXFileReference; fileEncoding = 4; lastKnownFileType = sourcecode.c.objc; path = "NSObject+ZDLazyInit.m"; sourceTree = "<group>"; };
/* End PBXFileReference section */

/* Begin PBXFrameworksBuildPhase section */
		BC58E8AE1C198D91003005EB /* Frameworks */ = {
			isa = PBXFrameworksBuildPhase;
			buildActionMask = 2147483647;
			files = (
			);
			runOnlyForDeploymentPostprocessing = 0;
		};
		BC58E8C71C198D91003005EB /* Frameworks */ = {
			isa = PBXFrameworksBuildPhase;
			buildActionMask = 2147483647;
			files = (
			);
			runOnlyForDeploymentPostprocessing = 0;
		};
		BC58E8D21C198D91003005EB /* Frameworks */ = {
			isa = PBXFrameworksBuildPhase;
			buildActionMask = 2147483647;
			files = (
			);
			runOnlyForDeploymentPostprocessing = 0;
		};
/* End PBXFrameworksBuildPhase section */

/* Begin PBXGroup section */
		BC58E8A81C198D91003005EB = {
			isa = PBXGroup;
			children = (
				BC5C02AF1C34DF2800773B78 /* Classes */,
				BC58E8B31C198D91003005EB /* ZDProxy */,
				BC58E8B21C198D91003005EB /* Products */,
				BC58E8CD1C198D91003005EB /* ZDProxyTests */,
				BC58E8D81C198D91003005EB /* ZDProxyUITests */,
			);
			sourceTree = "<group>";
		};
		BC58E8B21C198D91003005EB /* Products */ = {
			isa = PBXGroup;
			children = (
				BC58E8B11C198D91003005EB /* ZDProxy.app */,
				BC58E8CA1C198D91003005EB /* ZDProxyTests.xctest */,
				BC58E8D51C198D91003005EB /* ZDProxyUITests.xctest */,
			);
			name = Products;
			sourceTree = "<group>";
		};
		BC58E8B31C198D91003005EB /* ZDProxy */ = {
			isa = PBXGroup;
			children = (
				BC58E8B41C198D91003005EB /* Supporting Files */,
				BC58E8B71C198D91003005EB /* AppDelegate.h */,
				BC58E8B81C198D91003005EB /* AppDelegate.m */,
				BC58E8BA1C198D91003005EB /* ViewController.h */,
				BC58E8BB1C198D91003005EB /* ViewController.m */,
				BC58E8C01C198D91003005EB /* Assets.xcassets */,
				BC58E8C51C198D91003005EB /* Info.plist */,
				BC58E8C21C198D91003005EB /* LaunchScreen.storyboard */,
				BC58E8BD1C198D91003005EB /* Main.storyboard */,
				BC5C02AC1C34DF1200773B78 /* PushController.h */,
				BC5C02AD1C34DF1200773B78 /* PushController.m */,
				BC5C02B01C34E07600773B78 /* SecondController.h */,
				BC5C02B11C34E07600773B78 /* SecondController.m */,
			);
			path = ZDProxy;
			sourceTree = "<group>";
		};
		BC58E8B41C198D91003005EB /* Supporting Files */ = {
			isa = PBXGroup;
			children = (
				BC58E8B51C198D91003005EB /* main.m */,
			);
			path = "Supporting Files";
			sourceTree = "<group>";
		};
		BC58E8CD1C198D91003005EB /* ZDProxyTests */ = {
			isa = PBXGroup;
			children = (
				BC58E8D01C198D91003005EB /* Info.plist */,
				BC58E8CE1C198D91003005EB /* ZDProxyTests.m */,
			);
			path = ZDProxyTests;
			sourceTree = "<group>";
		};
		BC58E8D81C198D91003005EB /* ZDProxyUITests */ = {
			isa = PBXGroup;
			children = (
				BC58E8DB1C198D91003005EB /* Info.plist */,
				BC58E8D91C198D91003005EB /* ZDProxyUITests.m */,
			);
			path = ZDProxyUITests;
			sourceTree = "<group>";
		};
		BC5C02AF1C34DF2800773B78 /* Classes */ = {
			isa = PBXGroup;
			children = (
				057676A21C4A473E008244AD /* NSObject+ZDRuntime.h */,
				057676A31C4A473E008244AD /* NSObject+ZDRuntime.m */,
				BC5C02B61C350FCC00773B78 /* NSObject+ZDDealloc.h */,
				BC5C02B71C350FCC00773B78 /* NSObject+ZDDealloc.m */,
				BC58E8F01C1A6D20003005EB /* ZDMutltiDelegatesProxy.h */,
				BC58E8F11C1A6D20003005EB /* ZDMutltiDelegatesProxy.m */,
				BC58E8EA1C198ED5003005EB /* ZDProxy.h */,
				BC58E8EB1C198ED5003005EB /* ZDProxy.m */,
				BCB96D811C3E12EF00D9BACA /* ZDForwardProxy.h */,
				BCB96D821C3E12EF00D9BACA /* ZDForwardProxy.m */,
				BCB96D7E1C3E120200D9BACA /* ZDWeakProxy.h */,
				BCB96D7F1C3E120200D9BACA /* ZDWeakProxy.m */,
				BCB96D901C3E3C4200D9BACA /* NSObject+ZDLazyInit.h */,
				BCB96D911C3E3C4200D9BACA /* NSObject+ZDLazyInit.m */,
			);
			path = Classes;
			sourceTree = "<group>";
		};
/* End PBXGroup section */

/* Begin PBXNativeTarget section */
		BC58E8B01C198D91003005EB /* ZDProxy */ = {
			isa = PBXNativeTarget;
			buildConfigurationList = BC58E8DE1C198D91003005EB /* Build configuration list for PBXNativeTarget "ZDProxy" */;
			buildPhases = (
				BC58E8AD1C198D91003005EB /* Sources */,
				BC58E8AE1C198D91003005EB /* Frameworks */,
				BC58E8AF1C198D91003005EB /* Resources */,
			);
			buildRules = (
			);
			dependencies = (
			);
			name = ZDProxy;
			productName = ZDProxy;
			productReference = BC58E8B11C198D91003005EB /* ZDProxy.app */;
			productType = "com.apple.product-type.application";
		};
		BC58E8C91C198D91003005EB /* ZDProxyTests */ = {
			isa = PBXNativeTarget;
			buildConfigurationList = BC58E8E11C198D91003005EB /* Build configuration list for PBXNativeTarget "ZDProxyTests" */;
			buildPhases = (
				BC58E8C61C198D91003005EB /* Sources */,
				BC58E8C71C198D91003005EB /* Frameworks */,
				BC58E8C81C198D91003005EB /* Resources */,
			);
			buildRules = (
			);
			dependencies = (
				BC58E8CC1C198D91003005EB /* PBXTargetDependency */,
			);
			name = ZDProxyTests;
			productName = ZDProxyTests;
			productReference = BC58E8CA1C198D91003005EB /* ZDProxyTests.xctest */;
			productType = "com.apple.product-type.bundle.unit-test";
		};
		BC58E8D41C198D91003005EB /* ZDProxyUITests */ = {
			isa = PBXNativeTarget;
			buildConfigurationList = BC58E8E41C198D91003005EB /* Build configuration list for PBXNativeTarget "ZDProxyUITests" */;
			buildPhases = (
				BC58E8D11C198D91003005EB /* Sources */,
				BC58E8D21C198D91003005EB /* Frameworks */,
				BC58E8D31C198D91003005EB /* Resources */,
			);
			buildRules = (
			);
			dependencies = (
				BC58E8D71C198D91003005EB /* PBXTargetDependency */,
			);
			name = ZDProxyUITests;
			productName = ZDProxyUITests;
			productReference = BC58E8D51C198D91003005EB /* ZDProxyUITests.xctest */;
			productType = "com.apple.product-type.bundle.ui-testing";
		};
/* End PBXNativeTarget section */

/* Begin PBXProject section */
		BC58E8A91C198D91003005EB /* Project object */ = {
			isa = PBXProject;
			attributes = {
				CLASSPREFIX = ZD;
				LastUpgradeCheck = 0720;
				ORGANIZATIONNAME = Fate.D.Bourne;
				TargetAttributes = {
					BC58E8B01C198D91003005EB = {
						CreatedOnToolsVersion = 7.2;
					};
					BC58E8C91C198D91003005EB = {
						CreatedOnToolsVersion = 7.2;
						TestTargetID = BC58E8B01C198D91003005EB;
					};
					BC58E8D41C198D91003005EB = {
						CreatedOnToolsVersion = 7.2;
						TestTargetID = BC58E8B01C198D91003005EB;
					};
				};
			};
			buildConfigurationList = BC58E8AC1C198D91003005EB /* Build configuration list for PBXProject "ZDProxy" */;
			compatibilityVersion = "Xcode 3.2";
			developmentRegion = English;
			hasScannedForEncodings = 0;
			knownRegions = (
				en,
				Base,
			);
			mainGroup = BC58E8A81C198D91003005EB;
			productRefGroup = BC58E8B21C198D91003005EB /* Products */;
			projectDirPath = "";
			projectRoot = "";
			targets = (
				BC58E8B01C198D91003005EB /* ZDProxy */,
				BC58E8C91C198D91003005EB /* ZDProxyTests */,
				BC58E8D41C198D91003005EB /* ZDProxyUITests */,
			);
		};
/* End PBXProject section */

/* Begin PBXResourcesBuildPhase section */
		BC58E8AF1C198D91003005EB /* Resources */ = {
			isa = PBXResourcesBuildPhase;
			buildActionMask = 2147483647;
			files = (
				BC58E8C41C198D91003005EB /* LaunchScreen.storyboard in Resources */,
				BC58E8C11C198D91003005EB /* Assets.xcassets in Resources */,
				BC58E8BF1C198D91003005EB /* Main.storyboard in Resources */,
			);
			runOnlyForDeploymentPostprocessing = 0;
		};
		BC58E8C81C198D91003005EB /* Resources */ = {
			isa = PBXResourcesBuildPhase;
			buildActionMask = 2147483647;
			files = (
			);
			runOnlyForDeploymentPostprocessing = 0;
		};
		BC58E8D31C198D91003005EB /* Resources */ = {
			isa = PBXResourcesBuildPhase;
			buildActionMask = 2147483647;
			files = (
			);
			runOnlyForDeploymentPostprocessing = 0;
		};
/* End PBXResourcesBuildPhase section */

/* Begin PBXSourcesBuildPhase section */
		BC58E8AD1C198D91003005EB /* Sources */ = {
			isa = PBXSourcesBuildPhase;
			buildActionMask = 2147483647;
			files = (
				BCB96D801C3E120200D9BACA /* ZDWeakProxy.m in Sources */,
				BC58E8F21C1A6D20003005EB /* ZDMutltiDelegatesProxy.m in Sources */,
				BC5C02B81C350FCC00773B78 /* NSObject+ZDDealloc.m in Sources */,
				BC58E8BC1C198D91003005EB /* ViewController.m in Sources */,
				BCB96D921C3E3C4200D9BACA /* NSObject+ZDLazyInit.m in Sources */,
				BC58E8EC1C198ED5003005EB /* ZDProxy.m in Sources */,
				BCB96D831C3E12EF00D9BACA /* ZDForwardProxy.m in Sources */,
				BC5C02AE1C34DF1200773B78 /* PushController.m in Sources */,
				057676A41C4A473E008244AD /* NSObject+ZDRuntime.m in Sources */,
				BC58E8B91C198D91003005EB /* AppDelegate.m in Sources */,
				BC5C02B21C34E07600773B78 /* SecondController.m in Sources */,
				BC58E8B61C198D91003005EB /* main.m in Sources */,
			);
			runOnlyForDeploymentPostprocessing = 0;
		};
		BC58E8C61C198D91003005EB /* Sources */ = {
			isa = PBXSourcesBuildPhase;
			buildActionMask = 2147483647;
			files = (
				BC58E8CF1C198D91003005EB /* ZDProxyTests.m in Sources */,
			);
			runOnlyForDeploymentPostprocessing = 0;
		};
		BC58E8D11C198D91003005EB /* Sources */ = {
			isa = PBXSourcesBuildPhase;
			buildActionMask = 2147483647;
			files = (
				BC58E8DA1C198D91003005EB /* ZDProxyUITests.m in Sources */,
			);
			runOnlyForDeploymentPostprocessing = 0;
		};
/* End PBXSourcesBuildPhase section */

/* Begin PBXTargetDependency section */
		BC58E8CC1C198D91003005EB /* PBXTargetDependency */ = {
			isa = PBXTargetDependency;
			target = BC58E8B01C198D91003005EB /* ZDProxy */;
			targetProxy = BC58E8CB1C198D91003005EB /* PBXContainerItemProxy */;
		};
		BC58E8D71C198D91003005EB /* PBXTargetDependency */ = {
			isa = PBXTargetDependency;
			target = BC58E8B01C198D91003005EB /* ZDProxy */;
			targetProxy = BC58E8D61C198D91003005EB /* PBXContainerItemProxy */;
		};
/* End PBXTargetDependency section */

/* Begin PBXVariantGroup section */
		BC58E8BD1C198D91003005EB /* Main.storyboard */ = {
			isa = PBXVariantGroup;
			children = (
				BC58E8BE1C198D91003005EB /* Base */,
			);
			name = Main.storyboard;
			path = .;
			sourceTree = "<group>";
		};
		BC58E8C21C198D91003005EB /* LaunchScreen.storyboard */ = {
			isa = PBXVariantGroup;
			children = (
				BC58E8C31C198D91003005EB /* Base */,
			);
			name = LaunchScreen.storyboard;
			path = .;
			sourceTree = "<group>";
		};
/* End PBXVariantGroup section */

/* Begin XCBuildConfiguration section */
		BC58E8DC1C198D91003005EB /* Debug */ = {
			isa = XCBuildConfiguration;
			buildSettings = {
				ALWAYS_SEARCH_USER_PATHS = NO;
				CLANG_CXX_LANGUAGE_STANDARD = "gnu++0x";
				CLANG_CXX_LIBRARY = "libc++";
				CLANG_ENABLE_MODULES = YES;
				CLANG_ENABLE_OBJC_ARC = YES;
				CLANG_WARN_BOOL_CONVERSION = YES;
				CLANG_WARN_CONSTANT_CONVERSION = YES;
				CLANG_WARN_DIRECT_OBJC_ISA_USAGE = YES_ERROR;
				CLANG_WARN_EMPTY_BODY = YES;
				CLANG_WARN_ENUM_CONVERSION = YES;
				CLANG_WARN_INT_CONVERSION = YES;
				CLANG_WARN_OBJC_ROOT_CLASS = YES_ERROR;
				CLANG_WARN_UNREACHABLE_CODE = YES;
				CLANG_WARN__DUPLICATE_METHOD_MATCH = YES;
				"CODE_SIGN_IDENTITY[sdk=iphoneos*]" = "iPhone Developer";
				COPY_PHASE_STRIP = NO;
				DEBUG_INFORMATION_FORMAT = dwarf;
				ENABLE_STRICT_OBJC_MSGSEND = YES;
				ENABLE_TESTABILITY = YES;
				GCC_C_LANGUAGE_STANDARD = gnu99;
				GCC_DYNAMIC_NO_PIC = NO;
				GCC_NO_COMMON_BLOCKS = YES;
				GCC_OPTIMIZATION_LEVEL = 0;
				GCC_PREPROCESSOR_DEFINITIONS = (
					"DEBUG=1",
					"$(inherited)",
				);
				GCC_WARN_64_TO_32_BIT_CONVERSION = YES;
				GCC_WARN_ABOUT_RETURN_TYPE = YES_ERROR;
				GCC_WARN_UNDECLARED_SELECTOR = YES;
				GCC_WARN_UNINITIALIZED_AUTOS = YES_AGGRESSIVE;
				GCC_WARN_UNUSED_FUNCTION = YES;
				GCC_WARN_UNUSED_VARIABLE = YES;
				IPHONEOS_DEPLOYMENT_TARGET = 9.2;
				MTL_ENABLE_DEBUG_INFO = YES;
				ONLY_ACTIVE_ARCH = YES;
				SDKROOT = iphoneos;
				TARGETED_DEVICE_FAMILY = "1,2";
			};
			name = Debug;
		};
		BC58E8DD1C198D91003005EB /* Release */ = {
			isa = XCBuildConfiguration;
			buildSettings = {
				ALWAYS_SEARCH_USER_PATHS = NO;
				CLANG_CXX_LANGUAGE_STANDARD = "gnu++0x";
				CLANG_CXX_LIBRARY = "libc++";
				CLANG_ENABLE_MODULES = YES;
				CLANG_ENABLE_OBJC_ARC = YES;
				CLANG_WARN_BOOL_CONVERSION = YES;
				CLANG_WARN_CONSTANT_CONVERSION = YES;
				CLANG_WARN_DIRECT_OBJC_ISA_USAGE = YES_ERROR;
				CLANG_WARN_EMPTY_BODY = YES;
				CLANG_WARN_ENUM_CONVERSION = YES;
				CLANG_WARN_INT_CONVERSION = YES;
				CLANG_WARN_OBJC_ROOT_CLASS = YES_ERROR;
				CLANG_WARN_UNREACHABLE_CODE = YES;
				CLANG_WARN__DUPLICATE_METHOD_MATCH = YES;
				"CODE_SIGN_IDENTITY[sdk=iphoneos*]" = "iPhone Developer";
				COPY_PHASE_STRIP = NO;
				DEBUG_INFORMATION_FORMAT = "dwarf-with-dsym";
				ENABLE_NS_ASSERTIONS = NO;
				ENABLE_STRICT_OBJC_MSGSEND = YES;
				GCC_C_LANGUAGE_STANDARD = gnu99;
				GCC_NO_COMMON_BLOCKS = YES;
				GCC_WARN_64_TO_32_BIT_CONVERSION = YES;
				GCC_WARN_ABOUT_RETURN_TYPE = YES_ERROR;
				GCC_WARN_UNDECLARED_SELECTOR = YES;
				GCC_WARN_UNINITIALIZED_AUTOS = YES_AGGRESSIVE;
				GCC_WARN_UNUSED_FUNCTION = YES;
				GCC_WARN_UNUSED_VARIABLE = YES;
				IPHONEOS_DEPLOYMENT_TARGET = 9.2;
				MTL_ENABLE_DEBUG_INFO = NO;
				SDKROOT = iphoneos;
				TARGETED_DEVICE_FAMILY = "1,2";
				VALIDATE_PRODUCT = YES;
			};
			name = Release;
		};
		BC58E8DF1C198D91003005EB /* Debug */ = {
			isa = XCBuildConfiguration;
			buildSettings = {
				ASSETCATALOG_COMPILER_APPICON_NAME = AppIcon;
				INFOPLIST_FILE = ZDProxy/Info.plist;
				LD_RUNPATH_SEARCH_PATHS = "$(inherited) @executable_path/Frameworks";
				PRODUCT_BUNDLE_IDENTIFIER = Bourne.ZDProxy;
				PRODUCT_NAME = "$(TARGET_NAME)";
			};
			name = Debug;
		};
		BC58E8E01C198D91003005EB /* Release */ = {
			isa = XCBuildConfiguration;
			buildSettings = {
				ASSETCATALOG_COMPILER_APPICON_NAME = AppIcon;
				INFOPLIST_FILE = ZDProxy/Info.plist;
				LD_RUNPATH_SEARCH_PATHS = "$(inherited) @executable_path/Frameworks";
				PRODUCT_BUNDLE_IDENTIFIER = Bourne.ZDProxy;
				PRODUCT_NAME = "$(TARGET_NAME)";
			};
			name = Release;
		};
		BC58E8E21C198D91003005EB /* Debug */ = {
			isa = XCBuildConfiguration;
			buildSettings = {
				BUNDLE_LOADER = "$(TEST_HOST)";
				INFOPLIST_FILE = ZDProxyTests/Info.plist;
				LD_RUNPATH_SEARCH_PATHS = "$(inherited) @executable_path/Frameworks @loader_path/Frameworks";
				PRODUCT_BUNDLE_IDENTIFIER = Bourne.ZDProxyTests;
				PRODUCT_NAME = "$(TARGET_NAME)";
				TEST_HOST = "$(BUILT_PRODUCTS_DIR)/ZDProxy.app/ZDProxy";
			};
			name = Debug;
		};
		BC58E8E31C198D91003005EB /* Release */ = {
			isa = XCBuildConfiguration;
			buildSettings = {
				BUNDLE_LOADER = "$(TEST_HOST)";
				INFOPLIST_FILE = ZDProxyTests/Info.plist;
				LD_RUNPATH_SEARCH_PATHS = "$(inherited) @executable_path/Frameworks @loader_path/Frameworks";
				PRODUCT_BUNDLE_IDENTIFIER = Bourne.ZDProxyTests;
				PRODUCT_NAME = "$(TARGET_NAME)";
				TEST_HOST = "$(BUILT_PRODUCTS_DIR)/ZDProxy.app/ZDProxy";
			};
			name = Release;
		};
		BC58E8E51C198D91003005EB /* Debug */ = {
			isa = XCBuildConfiguration;
			buildSettings = {
				INFOPLIST_FILE = ZDProxyUITests/Info.plist;
				LD_RUNPATH_SEARCH_PATHS = "$(inherited) @executable_path/Frameworks @loader_path/Frameworks";
				PRODUCT_BUNDLE_IDENTIFIER = Bourne.ZDProxyUITests;
				PRODUCT_NAME = "$(TARGET_NAME)";
				TEST_TARGET_NAME = ZDProxy;
				USES_XCTRUNNER = YES;
			};
			name = Debug;
		};
		BC58E8E61C198D91003005EB /* Release */ = {
			isa = XCBuildConfiguration;
			buildSettings = {
				INFOPLIST_FILE = ZDProxyUITests/Info.plist;
				LD_RUNPATH_SEARCH_PATHS = "$(inherited) @executable_path/Frameworks @loader_path/Frameworks";
				PRODUCT_BUNDLE_IDENTIFIER = Bourne.ZDProxyUITests;
				PRODUCT_NAME = "$(TARGET_NAME)";
				TEST_TARGET_NAME = ZDProxy;
				USES_XCTRUNNER = YES;
			};
			name = Release;
		};
/* End XCBuildConfiguration section */

/* Begin XCConfigurationList section */
		BC58E8AC1C198D91003005EB /* Build configuration list for PBXProject "ZDProxy" */ = {
			isa = XCConfigurationList;
			buildConfigurations = (
				BC58E8DC1C198D91003005EB /* Debug */,
				BC58E8DD1C198D91003005EB /* Release */,
			);
			defaultConfigurationIsVisible = 0;
			defaultConfigurationName = Release;
		};
		BC58E8DE1C198D91003005EB /* Build configuration list for PBXNativeTarget "ZDProxy" */ = {
			isa = XCConfigurationList;
			buildConfigurations = (
				BC58E8DF1C198D91003005EB /* Debug */,
				BC58E8E01C198D91003005EB /* Release */,
			);
			defaultConfigurationIsVisible = 0;
			defaultConfigurationName = Release;
		};
		BC58E8E11C198D91003005EB /* Build configuration list for PBXNativeTarget "ZDProxyTests" */ = {
			isa = XCConfigurationList;
			buildConfigurations = (
				BC58E8E21C198D91003005EB /* Debug */,
				BC58E8E31C198D91003005EB /* Release */,
			);
			defaultConfigurationIsVisible = 0;
			defaultConfigurationName = Release;
		};
		BC58E8E41C198D91003005EB /* Build configuration list for PBXNativeTarget "ZDProxyUITests" */ = {
			isa = XCConfigurationList;
			buildConfigurations = (
				BC58E8E51C198D91003005EB /* Debug */,
				BC58E8E61C198D91003005EB /* Release */,
			);
			defaultConfigurationIsVisible = 0;
			defaultConfigurationName = Release;
		};
/* End XCConfigurationList section */
	};
	rootObject = BC58E8A91C198D91003005EB /* Project object */;
}
